// !$*UTF8*$!
{
	archiveVersion = 1;
	classes = {
	};
	objectVersion = 55;
	objects = {

/* Begin PBXBuildFile section */
		27455C3C2829F998009AAF43 /* AppDelegate.swift in Sources */ = {isa = PBXBuildFile; fileRef = 27455C3B2829F998009AAF43 /* AppDelegate.swift */; };
		27455C3E2829F998009AAF43 /* SceneDelegate.swift in Sources */ = {isa = PBXBuildFile; fileRef = 27455C3D2829F998009AAF43 /* SceneDelegate.swift */; };
		27455C452829F99C009AAF43 /* Assets.xcassets in Resources */ = {isa = PBXBuildFile; fileRef = 27455C442829F99C009AAF43 /* Assets.xcassets */; };
		27455C482829F99C009AAF43 /* LaunchScreen.storyboard in Resources */ = {isa = PBXBuildFile; fileRef = 27455C462829F99C009AAF43 /* LaunchScreen.storyboard */; };
		27455C532829F99C009AAF43 /* SuperHeroTests.swift in Sources */ = {isa = PBXBuildFile; fileRef = 27455C522829F99C009AAF43 /* SuperHeroTests.swift */; };
		2750D44A282AC35F008D0670 /* SuperHeroesAPI.swift in Sources */ = {isa = PBXBuildFile; fileRef = 2750D449282AC35F008D0670 /* SuperHeroesAPI.swift */; };
		2750D44C282AC466008D0670 /* SuperHero.swift in Sources */ = {isa = PBXBuildFile; fileRef = 2750D44B282AC466008D0670 /* SuperHero.swift */; };
		2750D44F282AC617008D0670 /* SuperHeroCell.xib in Resources */ = {isa = PBXBuildFile; fileRef = 2750D44D282AC617008D0670 /* SuperHeroCell.xib */; };
		2750D450282AC617008D0670 /* SuperHeroCell.swift in Sources */ = {isa = PBXBuildFile; fileRef = 2750D44E282AC617008D0670 /* SuperHeroCell.swift */; };
		2750D452282AC6A7008D0670 /* NetworkClient.swift in Sources */ = {isa = PBXBuildFile; fileRef = 2750D451282AC6A7008D0670 /* NetworkClient.swift */; };
		2750D454282AD108008D0670 /* SuperHeroesLoaderProtocol.swift in Sources */ = {isa = PBXBuildFile; fileRef = 2750D453282AD108008D0670 /* SuperHeroesLoaderProtocol.swift */; };
		27744233282C159100833D39 /* SuperHeroesViewController.swift in Sources */ = {isa = PBXBuildFile; fileRef = 27744231282C159100833D39 /* SuperHeroesViewController.swift */; };
		27744234282C159100833D39 /* SuperHeroesViewController.xib in Resources */ = {isa = PBXBuildFile; fileRef = 27744232282C159100833D39 /* SuperHeroesViewController.xib */; };
		27744236282C19DB00833D39 /* SuperHeroesPresenter.swift in Sources */ = {isa = PBXBuildFile; fileRef = 27744235282C19DB00833D39 /* SuperHeroesPresenter.swift */; };
		27744239282C1D8C00833D39 /* Localizable.strings in Resources */ = {isa = PBXBuildFile; fileRef = 2774423B282C1D8C00833D39 /* Localizable.strings */; };
		2774423E282C1E7400833D39 /* Localizable.swift in Sources */ = {isa = PBXBuildFile; fileRef = 2774423D282C1E7400833D39 /* Localizable.swift */; };
		27744240282C1FC000833D39 /* SuperHeroViewModel.swift in Sources */ = {isa = PBXBuildFile; fileRef = 2774423F282C1FC000833D39 /* SuperHeroViewModel.swift */; };
		27744242282C1FCC00833D39 /* ErrorViewModel.swift in Sources */ = {isa = PBXBuildFile; fileRef = 27744241282C1FCC00833D39 /* ErrorViewModel.swift */; };
		27744244282C1FDC00833D39 /* SuperHeroesView.swift in Sources */ = {isa = PBXBuildFile; fileRef = 27744243282C1FDC00833D39 /* SuperHeroesView.swift */; };
		27744247282C9B1F00833D39 /* SuperHeroesMapper.swift in Sources */ = {isa = PBXBuildFile; fileRef = 27744246282C9B1F00833D39 /* SuperHeroesMapper.swift */; };
		27744249282C9BA600833D39 /* SuperHeroesLoader.swift in Sources */ = {isa = PBXBuildFile; fileRef = 27744248282C9BA600833D39 /* SuperHeroesLoader.swift */; };
		6FCF75FE38CE99D3A18532F6 /* Pods_SuperHero.framework in Frameworks */ = {isa = PBXBuildFile; fileRef = 113076B2A15F3ED085957533 /* Pods_SuperHero.framework */; };
		AD1C437C6542D42045BD9033 /* Pods_SuperHeroTests.framework in Frameworks */ = {isa = PBXBuildFile; fileRef = 7A2D29C763824F8A986A1D82 /* Pods_SuperHeroTests.framework */; };
/* End PBXBuildFile section */

/* Begin PBXContainerItemProxy section */
		27455C4F2829F99C009AAF43 /* PBXContainerItemProxy */ = {
			isa = PBXContainerItemProxy;
			containerPortal = 27455C302829F997009AAF43 /* Project object */;
			proxyType = 1;
			remoteGlobalIDString = 27455C372829F998009AAF43;
			remoteInfo = SuperHero;
		};
/* End PBXContainerItemProxy section */

/* Begin PBXFileReference section */
		113076B2A15F3ED085957533 /* Pods_SuperHero.framework */ = {isa = PBXFileReference; explicitFileType = wrapper.framework; includeInIndex = 0; path = Pods_SuperHero.framework; sourceTree = BUILT_PRODUCTS_DIR; };
		27455C382829F998009AAF43 /* SuperHero.app */ = {isa = PBXFileReference; explicitFileType = wrapper.application; includeInIndex = 0; path = SuperHero.app; sourceTree = BUILT_PRODUCTS_DIR; };
		27455C3B2829F998009AAF43 /* AppDelegate.swift */ = {isa = PBXFileReference; lastKnownFileType = sourcecode.swift; path = AppDelegate.swift; sourceTree = "<group>"; };
		27455C3D2829F998009AAF43 /* SceneDelegate.swift */ = {isa = PBXFileReference; lastKnownFileType = sourcecode.swift; path = SceneDelegate.swift; sourceTree = "<group>"; };
		27455C442829F99C009AAF43 /* Assets.xcassets */ = {isa = PBXFileReference; lastKnownFileType = folder.assetcatalog; path = Assets.xcassets; sourceTree = "<group>"; };
		27455C472829F99C009AAF43 /* Base */ = {isa = PBXFileReference; lastKnownFileType = file.storyboard; name = Base; path = Base.lproj/LaunchScreen.storyboard; sourceTree = "<group>"; };
		27455C492829F99C009AAF43 /* Info.plist */ = {isa = PBXFileReference; lastKnownFileType = text.plist.xml; path = Info.plist; sourceTree = "<group>"; };
		27455C4E2829F99C009AAF43 /* SuperHeroTests.xctest */ = {isa = PBXFileReference; explicitFileType = wrapper.cfbundle; includeInIndex = 0; path = SuperHeroTests.xctest; sourceTree = BUILT_PRODUCTS_DIR; };
		27455C522829F99C009AAF43 /* SuperHeroTests.swift */ = {isa = PBXFileReference; lastKnownFileType = sourcecode.swift; path = SuperHeroTests.swift; sourceTree = "<group>"; };
		2750D449282AC35F008D0670 /* SuperHeroesAPI.swift */ = {isa = PBXFileReference; lastKnownFileType = sourcecode.swift; path = SuperHeroesAPI.swift; sourceTree = "<group>"; };
		2750D44B282AC466008D0670 /* SuperHero.swift */ = {isa = PBXFileReference; lastKnownFileType = sourcecode.swift; path = SuperHero.swift; sourceTree = "<group>"; };
		2750D44D282AC617008D0670 /* SuperHeroCell.xib */ = {isa = PBXFileReference; fileEncoding = 4; lastKnownFileType = file.xib; path = SuperHeroCell.xib; sourceTree = "<group>"; };
		2750D44E282AC617008D0670 /* SuperHeroCell.swift */ = {isa = PBXFileReference; fileEncoding = 4; lastKnownFileType = sourcecode.swift; path = SuperHeroCell.swift; sourceTree = "<group>"; };
		2750D451282AC6A7008D0670 /* NetworkClient.swift */ = {isa = PBXFileReference; lastKnownFileType = sourcecode.swift; path = NetworkClient.swift; sourceTree = "<group>"; };
		2750D453282AD108008D0670 /* SuperHeroesLoaderProtocol.swift */ = {isa = PBXFileReference; lastKnownFileType = sourcecode.swift; path = SuperHeroesLoaderProtocol.swift; sourceTree = "<group>"; };
		27744231282C159100833D39 /* SuperHeroesViewController.swift */ = {isa = PBXFileReference; lastKnownFileType = sourcecode.swift; path = SuperHeroesViewController.swift; sourceTree = "<group>"; };
		27744232282C159100833D39 /* SuperHeroesViewController.xib */ = {isa = PBXFileReference; lastKnownFileType = file.xib; path = SuperHeroesViewController.xib; sourceTree = "<group>"; };
		27744235282C19DB00833D39 /* SuperHeroesPresenter.swift */ = {isa = PBXFileReference; lastKnownFileType = sourcecode.swift; path = SuperHeroesPresenter.swift; sourceTree = "<group>"; };
		2774423A282C1D8C00833D39 /* en */ = {isa = PBXFileReference; lastKnownFileType = text.plist.strings; name = en; path = en.lproj/Localizable.strings; sourceTree = "<group>"; };
		2774423D282C1E7400833D39 /* Localizable.swift */ = {isa = PBXFileReference; lastKnownFileType = sourcecode.swift; path = Localizable.swift; sourceTree = "<group>"; };
		2774423F282C1FC000833D39 /* SuperHeroViewModel.swift */ = {isa = PBXFileReference; lastKnownFileType = sourcecode.swift; path = SuperHeroViewModel.swift; sourceTree = "<group>"; };
		27744241282C1FCC00833D39 /* ErrorViewModel.swift */ = {isa = PBXFileReference; lastKnownFileType = sourcecode.swift; path = ErrorViewModel.swift; sourceTree = "<group>"; };
		27744243282C1FDC00833D39 /* SuperHeroesView.swift */ = {isa = PBXFileReference; lastKnownFileType = sourcecode.swift; path = SuperHeroesView.swift; sourceTree = "<group>"; };
		27744246282C9B1F00833D39 /* SuperHeroesMapper.swift */ = {isa = PBXFileReference; lastKnownFileType = sourcecode.swift; path = SuperHeroesMapper.swift; sourceTree = "<group>"; };
		27744248282C9BA600833D39 /* SuperHeroesLoader.swift */ = {isa = PBXFileReference; lastKnownFileType = sourcecode.swift; path = SuperHeroesLoader.swift; sourceTree = "<group>"; };
		2A2896CE5506BEB6D4E03263 /* Pods-SuperHero.debug.xcconfig */ = {isa = PBXFileReference; includeInIndex = 1; lastKnownFileType = text.xcconfig; name = "Pods-SuperHero.debug.xcconfig"; path = "Target Support Files/Pods-SuperHero/Pods-SuperHero.debug.xcconfig"; sourceTree = "<group>"; };
		66C8A42F264B8B2E472D01C0 /* Pods-SuperHeroTests.release.xcconfig */ = {isa = PBXFileReference; includeInIndex = 1; lastKnownFileType = text.xcconfig; name = "Pods-SuperHeroTests.release.xcconfig"; path = "Target Support Files/Pods-SuperHeroTests/Pods-SuperHeroTests.release.xcconfig"; sourceTree = "<group>"; };
		7A2D29C763824F8A986A1D82 /* Pods_SuperHeroTests.framework */ = {isa = PBXFileReference; explicitFileType = wrapper.framework; includeInIndex = 0; path = Pods_SuperHeroTests.framework; sourceTree = BUILT_PRODUCTS_DIR; };
		80A2227FCB827B79F6B19E48 /* Pods-SuperHeroTests.debug.xcconfig */ = {isa = PBXFileReference; includeInIndex = 1; lastKnownFileType = text.xcconfig; name = "Pods-SuperHeroTests.debug.xcconfig"; path = "Target Support Files/Pods-SuperHeroTests/Pods-SuperHeroTests.debug.xcconfig"; sourceTree = "<group>"; };
		F164C525EC41615109BAD697 /* Pods-SuperHero.release.xcconfig */ = {isa = PBXFileReference; includeInIndex = 1; lastKnownFileType = text.xcconfig; name = "Pods-SuperHero.release.xcconfig"; path = "Target Support Files/Pods-SuperHero/Pods-SuperHero.release.xcconfig"; sourceTree = "<group>"; };
/* End PBXFileReference section */

/* Begin PBXFrameworksBuildPhase section */
		27455C352829F998009AAF43 /* Frameworks */ = {
			isa = PBXFrameworksBuildPhase;
			buildActionMask = 2147483647;
			files = (
				6FCF75FE38CE99D3A18532F6 /* Pods_SuperHero.framework in Frameworks */,
			);
			runOnlyForDeploymentPostprocessing = 0;
		};
		27455C4B2829F99C009AAF43 /* Frameworks */ = {
			isa = PBXFrameworksBuildPhase;
			buildActionMask = 2147483647;
			files = (
				AD1C437C6542D42045BD9033 /* Pods_SuperHeroTests.framework in Frameworks */,
			);
			runOnlyForDeploymentPostprocessing = 0;
		};
/* End PBXFrameworksBuildPhase section */

/* Begin PBXGroup section */
		27455C2F2829F997009AAF43 = {
			isa = PBXGroup;
			children = (
				27455C3A2829F998009AAF43 /* SuperHero */,
				27455C512829F99C009AAF43 /* SuperHeroTests */,
				27455C392829F998009AAF43 /* Products */,
				773F619FDF88D5BCEFFDA9B5 /* Pods */,
				3DC3AB144D04E458FF64C28E /* Frameworks */,
			);
			sourceTree = "<group>";
		};
		27455C392829F998009AAF43 /* Products */ = {
			isa = PBXGroup;
			children = (
				27455C382829F998009AAF43 /* SuperHero.app */,
				27455C4E2829F99C009AAF43 /* SuperHeroTests.xctest */,
			);
			name = Products;
			sourceTree = "<group>";
		};
		27455C3A2829F998009AAF43 /* SuperHero */ = {
			isa = PBXGroup;
			children = (
				2750D448282AC34B008D0670 /* API */,
				2750D447282AC345008D0670 /* Domain */,
				2750D455282AD132008D0670 /* Sections */,
				2750D459282AD199008D0670 /* Resources */,
				27455C3B2829F998009AAF43 /* AppDelegate.swift */,
				27455C3D2829F998009AAF43 /* SceneDelegate.swift */,
				27455C462829F99C009AAF43 /* LaunchScreen.storyboard */,
				27455C492829F99C009AAF43 /* Info.plist */,
			);
			path = SuperHero;
			sourceTree = "<group>";
		};
		27455C512829F99C009AAF43 /* SuperHeroTests */ = {
			isa = PBXGroup;
			children = (
				27455C522829F99C009AAF43 /* SuperHeroTests.swift */,
			);
			path = SuperHeroTests;
			sourceTree = "<group>";
		};
		2750D447282AC345008D0670 /* Domain */ = {
			isa = PBXGroup;
			children = (
				2750D44B282AC466008D0670 /* SuperHero.swift */,
				2750D453282AD108008D0670 /* SuperHeroesLoaderProtocol.swift */,
			);
			path = Domain;
			sourceTree = "<group>";
		};
		2750D448282AC34B008D0670 /* API */ = {
			isa = PBXGroup;
			children = (
				2750D451282AC6A7008D0670 /* NetworkClient.swift */,
				2750D449282AC35F008D0670 /* SuperHeroesAPI.swift */,
				27744246282C9B1F00833D39 /* SuperHeroesMapper.swift */,
				27744248282C9BA600833D39 /* SuperHeroesLoader.swift */,
			);
			path = API;
			sourceTree = "<group>";
		};
		2750D455282AD132008D0670 /* Sections */ = {
			isa = PBXGroup;
			children = (
				2750D456282AD149008D0670 /* SuperHeros */,
			);
			path = Sections;
			sourceTree = "<group>";
		};
		2750D456282AD149008D0670 /* SuperHeros */ = {
			isa = PBXGroup;
			children = (
				27744245282C229100833D39 /* Models */,
				2750D457282AD152008D0670 /* Presenter */,
				2750D458282AD160008D0670 /* View */,
			);
			path = SuperHeros;
			sourceTree = "<group>";
		};
		2750D457282AD152008D0670 /* Presenter */ = {
			isa = PBXGroup;
			children = (
				27744235282C19DB00833D39 /* SuperHeroesPresenter.swift */,
				27744243282C1FDC00833D39 /* SuperHeroesView.swift */,
			);
			path = Presenter;
			sourceTree = "<group>";
		};
		2750D458282AD160008D0670 /* View */ = {
			isa = PBXGroup;
			children = (
				27744231282C159100833D39 /* SuperHeroesViewController.swift */,
				27744232282C159100833D39 /* SuperHeroesViewController.xib */,
				2750D44E282AC617008D0670 /* SuperHeroCell.swift */,
				2750D44D282AC617008D0670 /* SuperHeroCell.xib */,
			);
			path = View;
			sourceTree = "<group>";
		};
		2750D459282AD199008D0670 /* Resources */ = {
			isa = PBXGroup;
			children = (
				27455C442829F99C009AAF43 /* Assets.xcassets */,
				2774423D282C1E7400833D39 /* Localizable.swift */,
				2774423B282C1D8C00833D39 /* Localizable.strings */,
			);
			path = Resources;
			sourceTree = "<group>";
		};
		27744245282C229100833D39 /* Models */ = {
			isa = PBXGroup;
			children = (
				2774423F282C1FC000833D39 /* SuperHeroViewModel.swift */,
				27744241282C1FCC00833D39 /* ErrorViewModel.swift */,
			);
			path = Models;
			sourceTree = "<group>";
		};
		3DC3AB144D04E458FF64C28E /* Frameworks */ = {
			isa = PBXGroup;
			children = (
				113076B2A15F3ED085957533 /* Pods_SuperHero.framework */,
				7A2D29C763824F8A986A1D82 /* Pods_SuperHeroTests.framework */,
			);
			name = Frameworks;
			sourceTree = "<group>";
		};
		773F619FDF88D5BCEFFDA9B5 /* Pods */ = {
			isa = PBXGroup;
			children = (
				2A2896CE5506BEB6D4E03263 /* Pods-SuperHero.debug.xcconfig */,
				F164C525EC41615109BAD697 /* Pods-SuperHero.release.xcconfig */,
				80A2227FCB827B79F6B19E48 /* Pods-SuperHeroTests.debug.xcconfig */,
				66C8A42F264B8B2E472D01C0 /* Pods-SuperHeroTests.release.xcconfig */,
			);
			path = Pods;
			sourceTree = "<group>";
		};
/* End PBXGroup section */

/* Begin PBXNativeTarget section */
		27455C372829F998009AAF43 /* SuperHero */ = {
			isa = PBXNativeTarget;
			buildConfigurationList = 27455C622829F99C009AAF43 /* Build configuration list for PBXNativeTarget "SuperHero" */;
			buildPhases = (
				F7FC89B3A2C957CEB0525E4E /* [CP] Check Pods Manifest.lock */,
				27455C342829F998009AAF43 /* Sources */,
				27455C352829F998009AAF43 /* Frameworks */,
				27455C362829F998009AAF43 /* Resources */,
				7191D229FB17DADDED9F166D /* [CP] Embed Pods Frameworks */,
			);
			buildRules = (
			);
			dependencies = (
			);
			name = SuperHero;
			productName = SuperHero;
			productReference = 27455C382829F998009AAF43 /* SuperHero.app */;
			productType = "com.apple.product-type.application";
		};
		27455C4D2829F99C009AAF43 /* SuperHeroTests */ = {
			isa = PBXNativeTarget;
			buildConfigurationList = 27455C652829F99C009AAF43 /* Build configuration list for PBXNativeTarget "SuperHeroTests" */;
			buildPhases = (
				8C9EC039C01DF48E4B1E8828 /* [CP] Check Pods Manifest.lock */,
				27455C4A2829F99C009AAF43 /* Sources */,
				27455C4B2829F99C009AAF43 /* Frameworks */,
				27455C4C2829F99C009AAF43 /* Resources */,
			);
			buildRules = (
			);
			dependencies = (
				27455C502829F99C009AAF43 /* PBXTargetDependency */,
			);
			name = SuperHeroTests;
			productName = SuperHeroTests;
			productReference = 27455C4E2829F99C009AAF43 /* SuperHeroTests.xctest */;
			productType = "com.apple.product-type.bundle.unit-test";
		};
/* End PBXNativeTarget section */

/* Begin PBXProject section */
		27455C302829F997009AAF43 /* Project object */ = {
			isa = PBXProject;
			attributes = {
				BuildIndependentTargetsInParallel = 1;
				LastSwiftUpdateCheck = 1330;
				LastUpgradeCheck = 1330;
				TargetAttributes = {
					27455C372829F998009AAF43 = {
						CreatedOnToolsVersion = 13.3;
					};
					27455C4D2829F99C009AAF43 = {
						CreatedOnToolsVersion = 13.3;
						TestTargetID = 27455C372829F998009AAF43;
					};
				};
			};
			buildConfigurationList = 27455C332829F997009AAF43 /* Build configuration list for PBXProject "SuperHero" */;
			compatibilityVersion = "Xcode 13.0";
			developmentRegion = en;
			hasScannedForEncodings = 0;
			knownRegions = (
				en,
				Base,
			);
			mainGroup = 27455C2F2829F997009AAF43;
			productRefGroup = 27455C392829F998009AAF43 /* Products */;
			projectDirPath = "";
			projectRoot = "";
			targets = (
				27455C372829F998009AAF43 /* SuperHero */,
				27455C4D2829F99C009AAF43 /* SuperHeroTests */,
			);
		};
/* End PBXProject section */

/* Begin PBXResourcesBuildPhase section */
		27455C362829F998009AAF43 /* Resources */ = {
			isa = PBXResourcesBuildPhase;
			buildActionMask = 2147483647;
			files = (
				27744239282C1D8C00833D39 /* Localizable.strings in Resources */,
				27744234282C159100833D39 /* SuperHeroesViewController.xib in Resources */,
				2750D44F282AC617008D0670 /* SuperHeroCell.xib in Resources */,
				27455C482829F99C009AAF43 /* LaunchScreen.storyboard in Resources */,
				27455C452829F99C009AAF43 /* Assets.xcassets in Resources */,
			);
			runOnlyForDeploymentPostprocessing = 0;
		};
		27455C4C2829F99C009AAF43 /* Resources */ = {
			isa = PBXResourcesBuildPhase;
			buildActionMask = 2147483647;
			files = (
			);
			runOnlyForDeploymentPostprocessing = 0;
		};
/* End PBXResourcesBuildPhase section */

/* Begin PBXShellScriptBuildPhase section */
		7191D229FB17DADDED9F166D /* [CP] Embed Pods Frameworks */ = {
			isa = PBXShellScriptBuildPhase;
			buildActionMask = 2147483647;
			files = (
			);
			inputFileListPaths = (
				"${PODS_ROOT}/Target Support Files/Pods-SuperHero/Pods-SuperHero-frameworks-${CONFIGURATION}-input-files.xcfilelist",
			);
			name = "[CP] Embed Pods Frameworks";
			outputFileListPaths = (
				"${PODS_ROOT}/Target Support Files/Pods-SuperHero/Pods-SuperHero-frameworks-${CONFIGURATION}-output-files.xcfilelist",
			);
			runOnlyForDeploymentPostprocessing = 0;
			shellPath = /bin/sh;
			shellScript = "\"${PODS_ROOT}/Target Support Files/Pods-SuperHero/Pods-SuperHero-frameworks.sh\"\n";
			showEnvVarsInLog = 0;
		};
		8C9EC039C01DF48E4B1E8828 /* [CP] Check Pods Manifest.lock */ = {
			isa = PBXShellScriptBuildPhase;
			buildActionMask = 2147483647;
			files = (
			);
			inputFileListPaths = (
			);
			inputPaths = (
				"${PODS_PODFILE_DIR_PATH}/Podfile.lock",
				"${PODS_ROOT}/Manifest.lock",
			);
			name = "[CP] Check Pods Manifest.lock";
			outputFileListPaths = (
			);
			outputPaths = (
				"$(DERIVED_FILE_DIR)/Pods-SuperHeroTests-checkManifestLockResult.txt",
			);
			runOnlyForDeploymentPostprocessing = 0;
			shellPath = /bin/sh;
			shellScript = "diff \"${PODS_PODFILE_DIR_PATH}/Podfile.lock\" \"${PODS_ROOT}/Manifest.lock\" > /dev/null\nif [ $? != 0 ] ; then\n    # print error to STDERR\n    echo \"error: The sandbox is not in sync with the Podfile.lock. Run 'pod install' or update your CocoaPods installation.\" >&2\n    exit 1\nfi\n# This output is used by Xcode 'outputs' to avoid re-running this script phase.\necho \"SUCCESS\" > \"${SCRIPT_OUTPUT_FILE_0}\"\n";
			showEnvVarsInLog = 0;
		};
		F7FC89B3A2C957CEB0525E4E /* [CP] Check Pods Manifest.lock */ = {
			isa = PBXShellScriptBuildPhase;
			buildActionMask = 2147483647;
			files = (
			);
			inputFileListPaths = (
			);
			inputPaths = (
				"${PODS_PODFILE_DIR_PATH}/Podfile.lock",
				"${PODS_ROOT}/Manifest.lock",
			);
			name = "[CP] Check Pods Manifest.lock";
			outputFileListPaths = (
			);
			outputPaths = (
				"$(DERIVED_FILE_DIR)/Pods-SuperHero-checkManifestLockResult.txt",
			);
			runOnlyForDeploymentPostprocessing = 0;
			shellPath = /bin/sh;
			shellScript = "diff \"${PODS_PODFILE_DIR_PATH}/Podfile.lock\" \"${PODS_ROOT}/Manifest.lock\" > /dev/null\nif [ $? != 0 ] ; then\n    # print error to STDERR\n    echo \"error: The sandbox is not in sync with the Podfile.lock. Run 'pod install' or update your CocoaPods installation.\" >&2\n    exit 1\nfi\n# This output is used by Xcode 'outputs' to avoid re-running this script phase.\necho \"SUCCESS\" > \"${SCRIPT_OUTPUT_FILE_0}\"\n";
			showEnvVarsInLog = 0;
		};
/* End PBXShellScriptBuildPhase section */

/* Begin PBXSourcesBuildPhase section */
		27455C342829F998009AAF43 /* Sources */ = {
			isa = PBXSourcesBuildPhase;
			buildActionMask = 2147483647;
			files = (
				2750D44C282AC466008D0670 /* SuperHero.swift in Sources */,
				27744236282C19DB00833D39 /* SuperHeroesPresenter.swift in Sources */,
				27744244282C1FDC00833D39 /* SuperHeroesView.swift in Sources */,
				2750D44A282AC35F008D0670 /* SuperHeroesAPI.swift in Sources */,
				2774423E282C1E7400833D39 /* Localizable.swift in Sources */,
				2750D454282AD108008D0670 /* SuperHeroesLoaderProtocol.swift in Sources */,
				27744240282C1FC000833D39 /* SuperHeroViewModel.swift in Sources */,
				27744249282C9BA600833D39 /* SuperHeroesLoader.swift in Sources */,
				27455C3C2829F998009AAF43 /* AppDelegate.swift in Sources */,
				27744233282C159100833D39 /* SuperHeroesViewController.swift in Sources */,
				2750D452282AC6A7008D0670 /* NetworkClient.swift in Sources */,
				27744242282C1FCC00833D39 /* ErrorViewModel.swift in Sources */,
				2750D450282AC617008D0670 /* SuperHeroCell.swift in Sources */,
				27744247282C9B1F00833D39 /* SuperHeroesMapper.swift in Sources */,
				27455C3E2829F998009AAF43 /* SceneDelegate.swift in Sources */,
			);
			runOnlyForDeploymentPostprocessing = 0;
		};
		27455C4A2829F99C009AAF43 /* Sources */ = {
			isa = PBXSourcesBuildPhase;
			buildActionMask = 2147483647;
			files = (
				27455C532829F99C009AAF43 /* SuperHeroTests.swift in Sources */,
			);
			runOnlyForDeploymentPostprocessing = 0;
		};
/* End PBXSourcesBuildPhase section */

/* Begin PBXTargetDependency section */
		27455C502829F99C009AAF43 /* PBXTargetDependency */ = {
			isa = PBXTargetDependency;
			target = 27455C372829F998009AAF43 /* SuperHero */;
			targetProxy = 27455C4F2829F99C009AAF43 /* PBXContainerItemProxy */;
		};
/* End PBXTargetDependency section */

/* Begin PBXVariantGroup section */
		27455C462829F99C009AAF43 /* LaunchScreen.storyboard */ = {
			isa = PBXVariantGroup;
			children = (
				27455C472829F99C009AAF43 /* Base */,
			);
			name = LaunchScreen.storyboard;
			sourceTree = "<group>";
		};
		2774423B282C1D8C00833D39 /* Localizable.strings */ = {
			isa = PBXVariantGroup;
			children = (
				2774423A282C1D8C00833D39 /* en */,
			);
			name = Localizable.strings;
			sourceTree = "<group>";
		};
/* End PBXVariantGroup section */

/* Begin XCBuildConfiguration section */
		27455C602829F99C009AAF43 /* Debug */ = {
			isa = XCBuildConfiguration;
			buildSettings = {
				ALWAYS_SEARCH_USER_PATHS = NO;
				CLANG_ANALYZER_NONNULL = YES;
				CLANG_ANALYZER_NUMBER_OBJECT_CONVERSION = YES_AGGRESSIVE;
				CLANG_CXX_LANGUAGE_STANDARD = "gnu++17";
				CLANG_ENABLE_MODULES = YES;
				CLANG_ENABLE_OBJC_ARC = YES;
				CLANG_ENABLE_OBJC_WEAK = YES;
				CLANG_WARN_BLOCK_CAPTURE_AUTORELEASING = YES;
				CLANG_WARN_BOOL_CONVERSION = YES;
				CLANG_WARN_COMMA = YES;
				CLANG_WARN_CONSTANT_CONVERSION = YES;
				CLANG_WARN_DEPRECATED_OBJC_IMPLEMENTATIONS = YES;
				CLANG_WARN_DIRECT_OBJC_ISA_USAGE = YES_ERROR;
				CLANG_WARN_DOCUMENTATION_COMMENTS = YES;
				CLANG_WARN_EMPTY_BODY = YES;
				CLANG_WARN_ENUM_CONVERSION = YES;
				CLANG_WARN_INFINITE_RECURSION = YES;
				CLANG_WARN_INT_CONVERSION = YES;
				CLANG_WARN_NON_LITERAL_NULL_CONVERSION = YES;
				CLANG_WARN_OBJC_IMPLICIT_RETAIN_SELF = YES;
				CLANG_WARN_OBJC_LITERAL_CONVERSION = YES;
				CLANG_WARN_OBJC_ROOT_CLASS = YES_ERROR;
				CLANG_WARN_QUOTED_INCLUDE_IN_FRAMEWORK_HEADER = YES;
				CLANG_WARN_RANGE_LOOP_ANALYSIS = YES;
				CLANG_WARN_STRICT_PROTOTYPES = YES;
				CLANG_WARN_SUSPICIOUS_MOVE = YES;
				CLANG_WARN_UNGUARDED_AVAILABILITY = YES_AGGRESSIVE;
				CLANG_WARN_UNREACHABLE_CODE = YES;
				CLANG_WARN__DUPLICATE_METHOD_MATCH = YES;
				COPY_PHASE_STRIP = NO;
				DEBUG_INFORMATION_FORMAT = dwarf;
				ENABLE_STRICT_OBJC_MSGSEND = YES;
				ENABLE_TESTABILITY = YES;
				GCC_C_LANGUAGE_STANDARD = gnu11;
				GCC_DYNAMIC_NO_PIC = NO;
				GCC_NO_COMMON_BLOCKS = YES;
				GCC_OPTIMIZATION_LEVEL = 0;
				GCC_PREPROCESSOR_DEFINITIONS = (
					"DEBUG=1",
					"$(inherited)",
				);
				GCC_WARN_64_TO_32_BIT_CONVERSION = YES;
				GCC_WARN_ABOUT_RETURN_TYPE = YES_ERROR;
				GCC_WARN_UNDECLARED_SELECTOR = YES;
				GCC_WARN_UNINITIALIZED_AUTOS = YES_AGGRESSIVE;
				GCC_WARN_UNUSED_FUNCTION = YES;
				GCC_WARN_UNUSED_VARIABLE = YES;
				IPHONEOS_DEPLOYMENT_TARGET = 15.4;
				MTL_ENABLE_DEBUG_INFO = INCLUDE_SOURCE;
				MTL_FAST_MATH = YES;
				ONLY_ACTIVE_ARCH = YES;
				SDKROOT = iphoneos;
				SWIFT_ACTIVE_COMPILATION_CONDITIONS = DEBUG;
				SWIFT_OPTIMIZATION_LEVEL = "-Onone";
			};
			name = Debug;
		};
		27455C612829F99C009AAF43 /* Release */ = {
			isa = XCBuildConfiguration;
			buildSettings = {
				ALWAYS_SEARCH_USER_PATHS = NO;
				CLANG_ANALYZER_NONNULL = YES;
				CLANG_ANALYZER_NUMBER_OBJECT_CONVERSION = YES_AGGRESSIVE;
				CLANG_CXX_LANGUAGE_STANDARD = "gnu++17";
				CLANG_ENABLE_MODULES = YES;
				CLANG_ENABLE_OBJC_ARC = YES;
				CLANG_ENABLE_OBJC_WEAK = YES;
				CLANG_WARN_BLOCK_CAPTURE_AUTORELEASING = YES;
				CLANG_WARN_BOOL_CONVERSION = YES;
				CLANG_WARN_COMMA = YES;
				CLANG_WARN_CONSTANT_CONVERSION = YES;
				CLANG_WARN_DEPRECATED_OBJC_IMPLEMENTATIONS = YES;
				CLANG_WARN_DIRECT_OBJC_ISA_USAGE = YES_ERROR;
				CLANG_WARN_DOCUMENTATION_COMMENTS = YES;
				CLANG_WARN_EMPTY_BODY = YES;
				CLANG_WARN_ENUM_CONVERSION = YES;
				CLANG_WARN_INFINITE_RECURSION = YES;
				CLANG_WARN_INT_CONVERSION = YES;
				CLANG_WARN_NON_LITERAL_NULL_CONVERSION = YES;
				CLANG_WARN_OBJC_IMPLICIT_RETAIN_SELF = YES;
				CLANG_WARN_OBJC_LITERAL_CONVERSION = YES;
				CLANG_WARN_OBJC_ROOT_CLASS = YES_ERROR;
				CLANG_WARN_QUOTED_INCLUDE_IN_FRAMEWORK_HEADER = YES;
				CLANG_WARN_RANGE_LOOP_ANALYSIS = YES;
				CLANG_WARN_STRICT_PROTOTYPES = YES;
				CLANG_WARN_SUSPICIOUS_MOVE = YES;
				CLANG_WARN_UNGUARDED_AVAILABILITY = YES_AGGRESSIVE;
				CLANG_WARN_UNREACHABLE_CODE = YES;
				CLANG_WARN__DUPLICATE_METHOD_MATCH = YES;
				COPY_PHASE_STRIP = NO;
				DEBUG_INFORMATION_FORMAT = "dwarf-with-dsym";
				ENABLE_NS_ASSERTIONS = NO;
				ENABLE_STRICT_OBJC_MSGSEND = YES;
				GCC_C_LANGUAGE_STANDARD = gnu11;
				GCC_NO_COMMON_BLOCKS = YES;
				GCC_WARN_64_TO_32_BIT_CONVERSION = YES;
				GCC_WARN_ABOUT_RETURN_TYPE = YES_ERROR;
				GCC_WARN_UNDECLARED_SELECTOR = YES;
				GCC_WARN_UNINITIALIZED_AUTOS = YES_AGGRESSIVE;
				GCC_WARN_UNUSED_FUNCTION = YES;
				GCC_WARN_UNUSED_VARIABLE = YES;
				IPHONEOS_DEPLOYMENT_TARGET = 15.4;
				MTL_ENABLE_DEBUG_INFO = NO;
				MTL_FAST_MATH = YES;
				SDKROOT = iphoneos;
				SWIFT_COMPILATION_MODE = wholemodule;
				SWIFT_OPTIMIZATION_LEVEL = "-O";
				VALIDATE_PRODUCT = YES;
			};
			name = Release;
		};
		27455C632829F99C009AAF43 /* Debug */ = {
			isa = XCBuildConfiguration;
			baseConfigurationReference = 2A2896CE5506BEB6D4E03263 /* Pods-SuperHero.debug.xcconfig */;
			buildSettings = {
				ASSETCATALOG_COMPILER_APPICON_NAME = AppIcon;
				ASSETCATALOG_COMPILER_GLOBAL_ACCENT_COLOR_NAME = AccentColor;
				CODE_SIGN_STYLE = Automatic;
				CURRENT_PROJECT_VERSION = 1;
				GENERATE_INFOPLIST_FILE = YES;
				INFOPLIST_FILE = SuperHero/Info.plist;
				INFOPLIST_KEY_UIApplicationSupportsIndirectInputEvents = YES;
				INFOPLIST_KEY_UILaunchStoryboardName = LaunchScreen;
				INFOPLIST_KEY_UISupportedInterfaceOrientations_iPad = "UIInterfaceOrientationPortrait UIInterfaceOrientationPortraitUpsideDown UIInterfaceOrientationLandscapeLeft UIInterfaceOrientationLandscapeRight";
				INFOPLIST_KEY_UISupportedInterfaceOrientations_iPhone = "UIInterfaceOrientationPortrait UIInterfaceOrientationLandscapeLeft UIInterfaceOrientationLandscapeRight";
				LD_RUNPATH_SEARCH_PATHS = (
					"$(inherited)",
					"@executable_path/Frameworks",
				);
				MARKETING_VERSION = 1.0;
				PRODUCT_BUNDLE_IDENTIFIER = com.consultr.SuperHero;
				PRODUCT_NAME = "$(TARGET_NAME)";
				SWIFT_EMIT_LOC_STRINGS = YES;
				SWIFT_VERSION = 5.0;
				TARGETED_DEVICE_FAMILY = "1,2";
			};
			name = Debug;
		};
		27455C642829F99C009AAF43 /* Release */ = {
			isa = XCBuildConfiguration;
			baseConfigurationReference = F164C525EC41615109BAD697 /* Pods-SuperHero.release.xcconfig */;
			buildSettings = {
				ASSETCATALOG_COMPILER_APPICON_NAME = AppIcon;
				ASSETCATALOG_COMPILER_GLOBAL_ACCENT_COLOR_NAME = AccentColor;
				CODE_SIGN_STYLE = Automatic;
				CURRENT_PROJECT_VERSION = 1;
				GENERATE_INFOPLIST_FILE = YES;
				INFOPLIST_FILE = SuperHero/Info.plist;
				INFOPLIST_KEY_UIApplicationSupportsIndirectInputEvents = YES;
				INFOPLIST_KEY_UILaunchStoryboardName = LaunchScreen;
				INFOPLIST_KEY_UISupportedInterfaceOrientations_iPad = "UIInterfaceOrientationPortrait UIInterfaceOrientationPortraitUpsideDown UIInterfaceOrientationLandscapeLeft UIInterfaceOrientationLandscapeRight";
				INFOPLIST_KEY_UISupportedInterfaceOrientations_iPhone = "UIInterfaceOrientationPortrait UIInterfaceOrientationLandscapeLeft UIInterfaceOrientationLandscapeRight";
				LD_RUNPATH_SEARCH_PATHS = (
					"$(inherited)",
					"@executable_path/Frameworks",
				);
				MARKETING_VERSION = 1.0;
				PRODUCT_BUNDLE_IDENTIFIER = com.consultr.SuperHero;
				PRODUCT_NAME = "$(TARGET_NAME)";
				SWIFT_EMIT_LOC_STRINGS = YES;
				SWIFT_VERSION = 5.0;
				TARGETED_DEVICE_FAMILY = "1,2";
			};
			name = Release;
		};
		27455C662829F99C009AAF43 /* Debug */ = {
			isa = XCBuildConfiguration;
			baseConfigurationReference = 80A2227FCB827B79F6B19E48 /* Pods-SuperHeroTests.debug.xcconfig */;
			buildSettings = {
				ALWAYS_EMBED_SWIFT_STANDARD_LIBRARIES = YES;
				BUNDLE_LOADER = "$(TEST_HOST)";
				CODE_SIGN_STYLE = Automatic;
				CURRENT_PROJECT_VERSION = 1;
				GENERATE_INFOPLIST_FILE = YES;
				IPHONEOS_DEPLOYMENT_TARGET = 15.4;
				MARKETING_VERSION = 1.0;
				PRODUCT_BUNDLE_IDENTIFIER = com.consultr.SuperHeroTests;
				PRODUCT_NAME = "$(TARGET_NAME)";
				SWIFT_EMIT_LOC_STRINGS = NO;
				SWIFT_VERSION = 5.0;
				TARGETED_DEVICE_FAMILY = "1,2";
				TEST_HOST = "$(BUILT_PRODUCTS_DIR)/SuperHero.app/SuperHero";
			};
			name = Debug;
		};
		27455C672829F99C009AAF43 /* Release */ = {
			isa = XCBuildConfiguration;
			baseConfigurationReference = 66C8A42F264B8B2E472D01C0 /* Pods-SuperHeroTests.release.xcconfig */;
			buildSettings = {
				ALWAYS_EMBED_SWIFT_STANDARD_LIBRARIES = YES;
				BUNDLE_LOADER = "$(TEST_HOST)";
				CODE_SIGN_STYLE = Automatic;
				CURRENT_PROJECT_VERSION = 1;
				GENERATE_INFOPLIST_FILE = YES;
				IPHONEOS_DEPLOYMENT_TARGET = 15.4;
				MARKETING_VERSION = 1.0;
				PRODUCT_BUNDLE_IDENTIFIER = com.consultr.SuperHeroTests;
				PRODUCT_NAME = "$(TARGET_NAME)";
				SWIFT_EMIT_LOC_STRINGS = NO;
				SWIFT_VERSION = 5.0;
				TARGETED_DEVICE_FAMILY = "1,2";
				TEST_HOST = "$(BUILT_PRODUCTS_DIR)/SuperHero.app/SuperHero";
			};
			name = Release;
		};
/* End XCBuildConfiguration section */

/* Begin XCConfigurationList section */
		27455C332829F997009AAF43 /* Build configuration list for PBXProject "SuperHero" */ = {
			isa = XCConfigurationList;
			buildConfigurations = (
				27455C602829F99C009AAF43 /* Debug */,
				27455C612829F99C009AAF43 /* Release */,
			);
			defaultConfigurationIsVisible = 0;
			defaultConfigurationName = Release;
		};
		27455C622829F99C009AAF43 /* Build configuration list for PBXNativeTarget "SuperHero" */ = {
			isa = XCConfigurationList;
			buildConfigurations = (
				27455C632829F99C009AAF43 /* Debug */,
				27455C642829F99C009AAF43 /* Release */,
			);
			defaultConfigurationIsVisible = 0;
			defaultConfigurationName = Release;
		};
		27455C652829F99C009AAF43 /* Build configuration list for PBXNativeTarget "SuperHeroTests" */ = {
			isa = XCConfigurationList;
			buildConfigurations = (
				27455C662829F99C009AAF43 /* Debug */,
				27455C672829F99C009AAF43 /* Release */,
			);
			defaultConfigurationIsVisible = 0;
			defaultConfigurationName = Release;
		};
/* End XCConfigurationList section */
	};
	rootObject = 27455C302829F997009AAF43 /* Project object */;
}
